
Microsoft Visual Studio Solution File, Format Version 12.00
# Visual Studio Version 16
VisualStudioVersion = 16.0.32413.511
MinimumVisualStudioVersion = 10.0.40219.1
Project("{F184B08F-C81C-45F6-A57F-5ABD9991F28F}") = "FirstProject", "FirstProject.vbproj", "{045F0BC6-664F-42D4-AC4E-680F580FAC9C}"
EndProject
Global
	GlobalSection(SolutionConfigurationPlatforms) = preSolution
		Debug|Any CPU = Debug|Any CPU
		Release|Any CPU = Release|Any CPU
	EndGlobalSection
	GlobalSection(ProjectConfigurationPlatforms) = postSolution
		{045F0BC6-664F-42D4-AC4E-680F580FAC9C}.Debug|Any CPU.ActiveCfg = Debug|Any CPU
		{045F0BC6-664F-42D4-AC4E-680F580FAC9C}.Debug|Any CPU.Build.0 = Debug|Any CPU
		{045F0BC6-664F-42D4-AC4E-680F580FAC9C}.Release|Any CPU.ActiveCfg = Release|Any CPU
		{045F0BC6-664F-42D4-AC4E-680F580FAC9C}.Release|Any CPU.Build.0 = Release|Any CPU
	EndGlobalSection
	GlobalSection(SolutionProperties) = preSolution
		HideSolutionNode = FALSE
	EndGlobalSection
	GlobalSection(ExtensibilityGlobals) = postSolution
		SolutionGuid = {9877AE48-AB4E-44C4-B1F0-1BD0E95F16BE}
	EndGlobalSection
EndGlobal
